// !$*UTF8*$!
{
	archiveVersion = 1;
	classes = {
	};
	objectVersion = 46;
	objects = {

/* Begin PBXBuildFile section */
		94CA4E661D25772C007CB3F3 /* AppDelegate.swift in Sources */ = {isa = PBXBuildFile; fileRef = 94CA4E651D25772C007CB3F3 /* AppDelegate.swift */; };
		94CA4E681D25772C007CB3F3 /* ViewController.swift in Sources */ = {isa = PBXBuildFile; fileRef = 94CA4E671D25772C007CB3F3 /* ViewController.swift */; };
		94CA4E6B1D25772C007CB3F3 /* Main.storyboard in Resources */ = {isa = PBXBuildFile; fileRef = 94CA4E691D25772C007CB3F3 /* Main.storyboard */; };
		94CA4E6D1D25772C007CB3F3 /* Assets.xcassets in Resources */ = {isa = PBXBuildFile; fileRef = 94CA4E6C1D25772C007CB3F3 /* Assets.xcassets */; };
		94CA4E701D25772C007CB3F3 /* LaunchScreen.storyboard in Resources */ = {isa = PBXBuildFile; fileRef = 94CA4E6E1D25772C007CB3F3 /* LaunchScreen.storyboard */; };
		94CA4E7B1D25772C007CB3F3 /* CheckInCheckOutTests.swift in Sources */ = {isa = PBXBuildFile; fileRef = 94CA4E7A1D25772C007CB3F3 /* CheckInCheckOutTests.swift */; };
		94CA4E861D25772C007CB3F3 /* CheckInCheckOutUITests.swift in Sources */ = {isa = PBXBuildFile; fileRef = 94CA4E851D25772C007CB3F3 /* CheckInCheckOutUITests.swift */; };
/* End PBXBuildFile section */

/* Begin PBXContainerItemProxy section */
		94CA4E771D25772C007CB3F3 /* PBXContainerItemProxy */ = {
			isa = PBXContainerItemProxy;
			containerPortal = 94CA4E5A1D25772C007CB3F3 /* Project object */;
			proxyType = 1;
			remoteGlobalIDString = 94CA4E611D25772C007CB3F3;
			remoteInfo = CheckInCheckOut;
		};
		94CA4E821D25772C007CB3F3 /* PBXContainerItemProxy */ = {
			isa = PBXContainerItemProxy;
			containerPortal = 94CA4E5A1D25772C007CB3F3 /* Project object */;
			proxyType = 1;
			remoteGlobalIDString = 94CA4E611D25772C007CB3F3;
			remoteInfo = CheckInCheckOut;
		};
/* End PBXContainerItemProxy section */

/* Begin PBXFileReference section */
		94CA4E621D25772C007CB3F3 /* CheckInCheckOut.app */ = {isa = PBXFileReference; explicitFileType = wrapper.application; includeInIndex = 0; path = CheckInCheckOut.app; sourceTree = BUILT_PRODUCTS_DIR; };
		94CA4E651D25772C007CB3F3 /* AppDelegate.swift */ = {isa = PBXFileReference; lastKnownFileType = sourcecode.swift; path = AppDelegate.swift; sourceTree = "<group>"; };
		94CA4E671D25772C007CB3F3 /* ViewController.swift */ = {isa = PBXFileReference; lastKnownFileType = sourcecode.swift; path = ViewController.swift; sourceTree = "<group>"; };
		94CA4E6A1D25772C007CB3F3 /* Base */ = {isa = PBXFileReference; lastKnownFileType = file.storyboard; name = Base; path = Base.lproj/Main.storyboard; sourceTree = "<group>"; };
		94CA4E6C1D25772C007CB3F3 /* Assets.xcassets */ = {isa = PBXFileReference; lastKnownFileType = folder.assetcatalog; path = Assets.xcassets; sourceTree = "<group>"; };
		94CA4E6F1D25772C007CB3F3 /* Base */ = {isa = PBXFileReference; lastKnownFileType = file.storyboard; name = Base; path = Base.lproj/LaunchScreen.storyboard; sourceTree = "<group>"; };
		94CA4E711D25772C007CB3F3 /* Info.plist */ = {isa = PBXFileReference; lastKnownFileType = text.plist.xml; path = Info.plist; sourceTree = "<group>"; };
		94CA4E761D25772C007CB3F3 /* CheckInCheckOutTests.xctest */ = {isa = PBXFileReference; explicitFileType = wrapper.cfbundle; includeInIndex = 0; path = CheckInCheckOutTests.xctest; sourceTree = BUILT_PRODUCTS_DIR; };
		94CA4E7A1D25772C007CB3F3 /* CheckInCheckOutTests.swift */ = {isa = PBXFileReference; lastKnownFileType = sourcecode.swift; path = CheckInCheckOutTests.swift; sourceTree = "<group>"; };
		94CA4E7C1D25772C007CB3F3 /* Info.plist */ = {isa = PBXFileReference; lastKnownFileType = text.plist.xml; path = Info.plist; sourceTree = "<group>"; };
		94CA4E811D25772C007CB3F3 /* CheckInCheckOutUITests.xctest */ = {isa = PBXFileReference; explicitFileType = wrapper.cfbundle; includeInIndex = 0; path = CheckInCheckOutUITests.xctest; sourceTree = BUILT_PRODUCTS_DIR; };
		94CA4E851D25772C007CB3F3 /* CheckInCheckOutUITests.swift */ = {isa = PBXFileReference; lastKnownFileType = sourcecode.swift; path = CheckInCheckOutUITests.swift; sourceTree = "<group>"; };
		94CA4E871D25772C007CB3F3 /* Info.plist */ = {isa = PBXFileReference; lastKnownFileType = text.plist.xml; path = Info.plist; sourceTree = "<group>"; };
/* End PBXFileReference section */

/* Begin PBXFrameworksBuildPhase section */
		94CA4E5F1D25772C007CB3F3 /* Frameworks */ = {
			isa = PBXFrameworksBuildPhase;
			buildActionMask = 2147483647;
			files = (
			);
			runOnlyForDeploymentPostprocessing = 0;
		};
		94CA4E731D25772C007CB3F3 /* Frameworks */ = {
			isa = PBXFrameworksBuildPhase;
			buildActionMask = 2147483647;
			files = (
			);
			runOnlyForDeploymentPostprocessing = 0;
		};
		94CA4E7E1D25772C007CB3F3 /* Frameworks */ = {
			isa = PBXFrameworksBuildPhase;
			buildActionMask = 2147483647;
			files = (
			);
			runOnlyForDeploymentPostprocessing = 0;
		};
/* End PBXFrameworksBuildPhase section */

/* Begin PBXGroup section */
		94CA4E591D25772C007CB3F3 = {
			isa = PBXGroup;
			children = (
				94CA4E641D25772C007CB3F3 /* CheckInCheckOut */,
				94CA4E791D25772C007CB3F3 /* CheckInCheckOutTests */,
				94CA4E841D25772C007CB3F3 /* CheckInCheckOutUITests */,
				94CA4E631D25772C007CB3F3 /* Products */,
			);
			sourceTree = "<group>";
		};
		94CA4E631D25772C007CB3F3 /* Products */ = {
			isa = PBXGroup;
			children = (
				94CA4E621D25772C007CB3F3 /* CheckInCheckOut.app */,
				94CA4E761D25772C007CB3F3 /* CheckInCheckOutTests.xctest */,
				94CA4E811D25772C007CB3F3 /* CheckInCheckOutUITests.xctest */,
			);
			name = Products;
			sourceTree = "<group>";
		};
		94CA4E641D25772C007CB3F3 /* CheckInCheckOut */ = {
			isa = PBXGroup;
			children = (
				94CA4E651D25772C007CB3F3 /* AppDelegate.swift */,
				94CA4E671D25772C007CB3F3 /* ViewController.swift */,
				94CA4E691D25772C007CB3F3 /* Main.storyboard */,
				94CA4E6C1D25772C007CB3F3 /* Assets.xcassets */,
				94CA4E6E1D25772C007CB3F3 /* LaunchScreen.storyboard */,
				94CA4E711D25772C007CB3F3 /* Info.plist */,
			);
			path = CheckInCheckOut;
			sourceTree = "<group>";
		};
		94CA4E791D25772C007CB3F3 /* CheckInCheckOutTests */ = {
			isa = PBXGroup;
			children = (
				94CA4E7A1D25772C007CB3F3 /* CheckInCheckOutTests.swift */,
				94CA4E7C1D25772C007CB3F3 /* Info.plist */,
			);
			path = CheckInCheckOutTests;
			sourceTree = "<group>";
		};
		94CA4E841D25772C007CB3F3 /* CheckInCheckOutUITests */ = {
			isa = PBXGroup;
			children = (
				94CA4E851D25772C007CB3F3 /* CheckInCheckOutUITests.swift */,
				94CA4E871D25772C007CB3F3 /* Info.plist */,
			);
			path = CheckInCheckOutUITests;
			sourceTree = "<group>";
		};
/* End PBXGroup section */

/* Begin PBXNativeTarget section */
		94CA4E611D25772C007CB3F3 /* CheckInCheckOut */ = {
			isa = PBXNativeTarget;
			buildConfigurationList = 94CA4E8A1D25772C007CB3F3 /* Build configuration list for PBXNativeTarget "CheckInCheckOut" */;
			buildPhases = (
				94CA4E5E1D25772C007CB3F3 /* Sources */,
				94CA4E5F1D25772C007CB3F3 /* Frameworks */,
				94CA4E601D25772C007CB3F3 /* Resources */,
			);
			buildRules = (
			);
			dependencies = (
			);
			name = CheckInCheckOut;
			productName = CheckInCheckOut;
			productReference = 94CA4E621D25772C007CB3F3 /* CheckInCheckOut.app */;
			productType = "com.apple.product-type.application";
		};
		94CA4E751D25772C007CB3F3 /* CheckInCheckOutTests */ = {
			isa = PBXNativeTarget;
			buildConfigurationList = 94CA4E8D1D25772C007CB3F3 /* Build configuration list for PBXNativeTarget "CheckInCheckOutTests" */;
			buildPhases = (
				94CA4E721D25772C007CB3F3 /* Sources */,
				94CA4E731D25772C007CB3F3 /* Frameworks */,
				94CA4E741D25772C007CB3F3 /* Resources */,
			);
			buildRules = (
			);
			dependencies = (
				94CA4E781D25772C007CB3F3 /* PBXTargetDependency */,
			);
			name = CheckInCheckOutTests;
			productName = CheckInCheckOutTests;
			productReference = 94CA4E761D25772C007CB3F3 /* CheckInCheckOutTests.xctest */;
			productType = "com.apple.product-type.bundle.unit-test";
		};
		94CA4E801D25772C007CB3F3 /* CheckInCheckOutUITests */ = {
			isa = PBXNativeTarget;
			buildConfigurationList = 94CA4E901D25772C007CB3F3 /* Build configuration list for PBXNativeTarget "CheckInCheckOutUITests" */;
			buildPhases = (
				94CA4E7D1D25772C007CB3F3 /* Sources */,
				94CA4E7E1D25772C007CB3F3 /* Frameworks */,
				94CA4E7F1D25772C007CB3F3 /* Resources */,
			);
			buildRules = (
			);
			dependencies = (
				94CA4E831D25772C007CB3F3 /* PBXTargetDependency */,
			);
			name = CheckInCheckOutUITests;
			productName = CheckInCheckOutUITests;
			productReference = 94CA4E811D25772C007CB3F3 /* CheckInCheckOutUITests.xctest */;
			productType = "com.apple.product-type.bundle.ui-testing";
		};
/* End PBXNativeTarget section */

/* Begin PBXProject section */
		94CA4E5A1D25772C007CB3F3 /* Project object */ = {
			isa = PBXProject;
			attributes = {
				LastSwiftUpdateCheck = 0730;
				LastUpgradeCheck = 0730;
				ORGANIZATIONNAME = SDMFoundation;
				TargetAttributes = {
					94CA4E611D25772C007CB3F3 = {
						CreatedOnToolsVersion = 7.3;
					};
					94CA4E751D25772C007CB3F3 = {
						CreatedOnToolsVersion = 7.3;
						TestTargetID = 94CA4E611D25772C007CB3F3;
					};
					94CA4E801D25772C007CB3F3 = {
						CreatedOnToolsVersion = 7.3;
						TestTargetID = 94CA4E611D25772C007CB3F3;
					};
				};
			};
			buildConfigurationList = 94CA4E5D1D25772C007CB3F3 /* Build configuration list for PBXProject "CheckInCheckOut" */;
			compatibilityVersion = "Xcode 3.2";
			developmentRegion = English;
			hasScannedForEncodings = 0;
			knownRegions = (
				en,
				Base,
			);
			mainGroup = 94CA4E591D25772C007CB3F3;
			productRefGroup = 94CA4E631D25772C007CB3F3 /* Products */;
			projectDirPath = "";
			projectRoot = "";
			targets = (
				94CA4E611D25772C007CB3F3 /* CheckInCheckOut */,
				94CA4E751D25772C007CB3F3 /* CheckInCheckOutTests */,
				94CA4E801D25772C007CB3F3 /* CheckInCheckOutUITests */,
			);
		};
/* End PBXProject section */

/* Begin PBXResourcesBuildPhase section */
		94CA4E601D25772C007CB3F3 /* Resources */ = {
			isa = PBXResourcesBuildPhase;
			buildActionMask = 2147483647;
			files = (
				94CA4E701D25772C007CB3F3 /* LaunchScreen.storyboard in Resources */,
				94CA4E6D1D25772C007CB3F3 /* Assets.xcassets in Resources */,
				94CA4E6B1D25772C007CB3F3 /* Main.storyboard in Resources */,
			);
			runOnlyForDeploymentPostprocessing = 0;
		};
		94CA4E741D25772C007CB3F3 /* Resources */ = {
			isa = PBXResourcesBuildPhase;
			buildActionMask = 2147483647;
			files = (
			);
			runOnlyForDeploymentPostprocessing = 0;
		};
		94CA4E7F1D25772C007CB3F3 /* Resources */ = {
			isa = PBXResourcesBuildPhase;
			buildActionMask = 2147483647;
			files = (
			);
			runOnlyForDeploymentPostprocessing = 0;
		};
/* End PBXResourcesBuildPhase section */

/* Begin PBXSourcesBuildPhase section */
		94CA4E5E1D25772C007CB3F3 /* Sources */ = {
			isa = PBXSourcesBuildPhase;
			buildActionMask = 2147483647;
			files = (
				94CA4E681D25772C007CB3F3 /* ViewController.swift in Sources */,
				94CA4E661D25772C007CB3F3 /* AppDelegate.swift in Sources */,
			);
			runOnlyForDeploymentPostprocessing = 0;
		};
		94CA4E721D25772C007CB3F3 /* Sources */ = {
			isa = PBXSourcesBuildPhase;
			buildActionMask = 2147483647;
			files = (
				94CA4E7B1D25772C007CB3F3 /* CheckInCheckOutTests.swift in Sources */,
			);
			runOnlyForDeploymentPostprocessing = 0;
		};
		94CA4E7D1D25772C007CB3F3 /* Sources */ = {
			isa = PBXSourcesBuildPhase;
			buildActionMask = 2147483647;
			files = (
				94CA4E861D25772C007CB3F3 /* CheckInCheckOutUITests.swift in Sources */,
			);
			runOnlyForDeploymentPostprocessing = 0;
		};
/* End PBXSourcesBuildPhase section */

/* Begin PBXTargetDependency section */
		94CA4E781D25772C007CB3F3 /* PBXTargetDependency */ = {
			isa = PBXTargetDependency;
			target = 94CA4E611D25772C007CB3F3 /* CheckInCheckOut */;
			targetProxy = 94CA4E771D25772C007CB3F3 /* PBXContainerItemProxy */;
		};
		94CA4E831D25772C007CB3F3 /* PBXTargetDependency */ = {
			isa = PBXTargetDependency;
			target = 94CA4E611D25772C007CB3F3 /* CheckInCheckOut */;
			targetProxy = 94CA4E821D25772C007CB3F3 /* PBXContainerItemProxy */;
		};
/* End PBXTargetDependency section */

/* Begin PBXVariantGroup section */
		94CA4E691D25772C007CB3F3 /* Main.storyboard */ = {
			isa = PBXVariantGroup;
			children = (
				94CA4E6A1D25772C007CB3F3 /* Base */,
			);
			name = Main.storyboard;
			sourceTree = "<group>";
		};
		94CA4E6E1D25772C007CB3F3 /* LaunchScreen.storyboard */ = {
			isa = PBXVariantGroup;
			children = (
				94CA4E6F1D25772C007CB3F3 /* Base */,
			);
			name = LaunchScreen.storyboard;
			sourceTree = "<group>";
		};
/* End PBXVariantGroup section */

/* Begin XCBuildConfiguration section */
		94CA4E881D25772C007CB3F3 /* Debug */ = {
			isa = XCBuildConfiguration;
			buildSettings = {
				ALWAYS_SEARCH_USER_PATHS = NO;
				CLANG_ANALYZER_NONNULL = YES;
				CLANG_CXX_LANGUAGE_STANDARD = "gnu++0x";
				CLANG_CXX_LIBRARY = "libc++";
				CLANG_ENABLE_MODULES = YES;
				CLANG_ENABLE_OBJC_ARC = YES;
				CLANG_WARN_BOOL_CONVERSION = YES;
				CLANG_WARN_CONSTANT_CONVERSION = YES;
				CLANG_WARN_DIRECT_OBJC_ISA_USAGE = YES_ERROR;
				CLANG_WARN_EMPTY_BODY = YES;
				CLANG_WARN_ENUM_CONVERSION = YES;
				CLANG_WARN_INT_CONVERSION = YES;
				CLANG_WARN_OBJC_ROOT_CLASS = YES_ERROR;
				CLANG_WARN_UNREACHABLE_CODE = YES;
				CLANG_WARN__DUPLICATE_METHOD_MATCH = YES;
				"CODE_SIGN_IDENTITY[sdk=iphoneos*]" = "iPhone Developer";
				COPY_PHASE_STRIP = NO;
				DEBUG_INFORMATION_FORMAT = dwarf;
				ENABLE_STRICT_OBJC_MSGSEND = YES;
				ENABLE_TESTABILITY = YES;
				GCC_C_LANGUAGE_STANDARD = gnu99;
				GCC_DYNAMIC_NO_PIC = NO;
				GCC_NO_COMMON_BLOCKS = YES;
				GCC_OPTIMIZATION_LEVEL = 0;
				GCC_PREPROCESSOR_DEFINITIONS = (
					"DEBUG=1",
					"$(inherited)",
				);
				GCC_WARN_64_TO_32_BIT_CONVERSION = YES;
				GCC_WARN_ABOUT_RETURN_TYPE = YES_ERROR;
				GCC_WARN_UNDECLARED_SELECTOR = YES;
				GCC_WARN_UNINITIALIZED_AUTOS = YES_AGGRESSIVE;
				GCC_WARN_UNUSED_FUNCTION = YES;
				GCC_WARN_UNUSED_VARIABLE = YES;
				IPHONEOS_DEPLOYMENT_TARGET = 9.3;
				MTL_ENABLE_DEBUG_INFO = YES;
				ONLY_ACTIVE_ARCH = YES;
				SDKROOT = iphoneos;
				SWIFT_OPTIMIZATION_LEVEL = "-Onone";
				TARGETED_DEVICE_FAMILY = "1,2";
			};
			name = Debug;
		};
		94CA4E891D25772C007CB3F3 /* Release */ = {
			isa = XCBuildConfiguration;
			buildSettings = {
				ALWAYS_SEARCH_USER_PATHS = NO;
				CLANG_ANALYZER_NONNULL = YES;
				CLANG_CXX_LANGUAGE_STANDARD = "gnu++0x";
				CLANG_CXX_LIBRARY = "libc++";
				CLANG_ENABLE_MODULES = YES;
				CLANG_ENABLE_OBJC_ARC = YES;
				CLANG_WARN_BOOL_CONVERSION = YES;
				CLANG_WARN_CONSTANT_CONVERSION = YES;
				CLANG_WARN_DIRECT_OBJC_ISA_USAGE = YES_ERROR;
				CLANG_WARN_EMPTY_BODY = YES;
				CLANG_WARN_ENUM_CONVERSION = YES;
				CLANG_WARN_INT_CONVERSION = YES;
				CLANG_WARN_OBJC_ROOT_CLASS = YES_ERROR;
				CLANG_WARN_UNREACHABLE_CODE = YES;
				CLANG_WARN__DUPLICATE_METHOD_MATCH = YES;
				"CODE_SIGN_IDENTITY[sdk=iphoneos*]" = "iPhone Developer";
				COPY_PHASE_STRIP = NO;
				DEBUG_INFORMATION_FORMAT = "dwarf-with-dsym";
				ENABLE_NS_ASSERTIONS = NO;
				ENABLE_STRICT_OBJC_MSGSEND = YES;
				GCC_C_LANGUAGE_STANDARD = gnu99;
				GCC_NO_COMMON_BLOCKS = YES;
				GCC_WARN_64_TO_32_BIT_CONVERSION = YES;
				GCC_WARN_ABOUT_RETURN_TYPE = YES_ERROR;
				GCC_WARN_UNDECLARED_SELECTOR = YES;
				GCC_WARN_UNINITIALIZED_AUTOS = YES_AGGRESSIVE;
				GCC_WARN_UNUSED_FUNCTION = YES;
				GCC_WARN_UNUSED_VARIABLE = YES;
				IPHONEOS_DEPLOYMENT_TARGET = 9.3;
				MTL_ENABLE_DEBUG_INFO = NO;
				SDKROOT = iphoneos;
				TARGETED_DEVICE_FAMILY = "1,2";
				VALIDATE_PRODUCT = YES;
			};
			name = Release;
		};
		94CA4E8B1D25772C007CB3F3 /* Debug */ = {
			isa = XCBuildConfiguration;
			buildSettings = {
				ASSETCATALOG_COMPILER_APPICON_NAME = AppIcon;
				INFOPLIST_FILE = CheckInCheckOut/Info.plist;
				LD_RUNPATH_SEARCH_PATHS = "$(inherited) @executable_path/Frameworks";
				PRODUCT_BUNDLE_IDENTIFIER = net.SDMFoundation.CheckInCheckOut;
				PRODUCT_NAME = "$(TARGET_NAME)";
			};
			name = Debug;
		};
		94CA4E8C1D25772C007CB3F3 /* Release */ = {
			isa = XCBuildConfiguration;
			buildSettings = {
				ASSETCATALOG_COMPILER_APPICON_NAME = AppIcon;
				INFOPLIST_FILE = CheckInCheckOut/Info.plist;
				LD_RUNPATH_SEARCH_PATHS = "$(inherited) @executable_path/Frameworks";
				PRODUCT_BUNDLE_IDENTIFIER = net.SDMFoundation.CheckInCheckOut;
				PRODUCT_NAME = "$(TARGET_NAME)";
			};
			name = Release;
		};
		94CA4E8E1D25772C007CB3F3 /* Debug */ = {
			isa = XCBuildConfiguration;
			buildSettings = {
				BUNDLE_LOADER = "$(TEST_HOST)";
				INFOPLIST_FILE = CheckInCheckOutTests/Info.plist;
				LD_RUNPATH_SEARCH_PATHS = "$(inherited) @executable_path/Frameworks @loader_path/Frameworks";
				PRODUCT_BUNDLE_IDENTIFIER = net.SDMFoundation.CheckInCheckOutTests;
				PRODUCT_NAME = "$(TARGET_NAME)";
				TEST_HOST = "$(BUILT_PRODUCTS_DIR)/CheckInCheckOut.app/CheckInCheckOut";
			};
			name = Debug;
		};
		94CA4E8F1D25772C007CB3F3 /* Release */ = {
			isa = XCBuildConfiguration;
			buildSettings = {
				BUNDLE_LOADER = "$(TEST_HOST)";
				INFOPLIST_FILE = CheckInCheckOutTests/Info.plist;
				LD_RUNPATH_SEARCH_PATHS = "$(inherited) @executable_path/Frameworks @loader_path/Frameworks";
				PRODUCT_BUNDLE_IDENTIFIER = net.SDMFoundation.CheckInCheckOutTests;
				PRODUCT_NAME = "$(TARGET_NAME)";
				TEST_HOST = "$(BUILT_PRODUCTS_DIR)/CheckInCheckOut.app/CheckInCheckOut";
			};
			name = Release;
		};
		94CA4E911D25772C007CB3F3 /* Debug */ = {
			isa = XCBuildConfiguration;
			buildSettings = {
				INFOPLIST_FILE = CheckInCheckOutUITests/Info.plist;
				LD_RUNPATH_SEARCH_PATHS = "$(inherited) @executable_path/Frameworks @loader_path/Frameworks";
				PRODUCT_BUNDLE_IDENTIFIER = net.SDMFoundation.CheckInCheckOutUITests;
				PRODUCT_NAME = "$(TARGET_NAME)";
				TEST_TARGET_NAME = CheckInCheckOut;
			};
			name = Debug;
		};
		94CA4E921D25772C007CB3F3 /* Release */ = {
			isa = XCBuildConfiguration;
			buildSettings = {
				INFOPLIST_FILE = CheckInCheckOutUITests/Info.plist;
				LD_RUNPATH_SEARCH_PATHS = "$(inherited) @executable_path/Frameworks @loader_path/Frameworks";
				PRODUCT_BUNDLE_IDENTIFIER = net.SDMFoundation.CheckInCheckOutUITests;
				PRODUCT_NAME = "$(TARGET_NAME)";
				TEST_TARGET_NAME = CheckInCheckOut;
			};
			name = Release;
		};
/* End XCBuildConfiguration section */

/* Begin XCConfigurationList section */
		94CA4E5D1D25772C007CB3F3 /* Build configuration list for PBXProject "CheckInCheckOut" */ = {
			isa = XCConfigurationList;
			buildConfigurations = (
				94CA4E881D25772C007CB3F3 /* Debug */,
				94CA4E891D25772C007CB3F3 /* Release */,
			);
			defaultConfigurationIsVisible = 0;
			defaultConfigurationName = Release;
		};
		94CA4E8A1D25772C007CB3F3 /* Build configuration list for PBXNativeTarget "CheckInCheckOut" */ = {
			isa = XCConfigurationList;
			buildConfigurations = (
				94CA4E8B1D25772C007CB3F3 /* Debug */,
				94CA4E8C1D25772C007CB3F3 /* Release */,
			);
			defaultConfigurationIsVisible = 0;
		};
		94CA4E8D1D25772C007CB3F3 /* Build configuration list for PBXNativeTarget "CheckInCheckOutTests" */ = {
			isa = XCConfigurationList;
			buildConfigurations = (
				94CA4E8E1D25772C007CB3F3 /* Debug */,
				94CA4E8F1D25772C007CB3F3 /* Release */,
			);
			defaultConfigurationIsVisible = 0;
		};
		94CA4E901D25772C007CB3F3 /* Build configuration list for PBXNativeTarget "CheckInCheckOutUITests" */ = {
			isa = XCConfigurationList;
			buildConfigurations = (
				94CA4E911D25772C007CB3F3 /* Debug */,
				94CA4E921D25772C007CB3F3 /* Release */,
			);
			defaultConfigurationIsVisible = 0;
		};
/* End XCConfigurationList section */
	};
	rootObject = 94CA4E5A1D25772C007CB3F3 /* Project object */;
}
